
Microsoft Visual Studio Solution File, Format Version 12.00
# Visual Studio Version 17
VisualStudioVersion = 17.0.31912.275
MinimumVisualStudioVersion = 10.0.40219.1
Project("{9A19103F-16F7-4668-BE54-9A1E7A4F7556}") = "TelemetryToRaven", "TelemetryToRaven\TelemetryToRaven.csproj", "{28690A70-A401-493F-A98B-773BE40007AA}"
EndProject
Project("{9A19103F-16F7-4668-BE54-9A1E7A4F7556}") = "RandomQueries", "RandomQueries\RandomQueries.csproj", "{CF41AA99-102F-45C3-8919-BC6B2CFBDC70}"
EndProject
Project("{9A19103F-16F7-4668-BE54-9A1E7A4F7556}") = "TelemetryTests", "TelemetryTests\TelemetryTests.csproj", "{AE2DF001-5D74-4B19-87F6-98FC8AA79C4B}"
EndProject
Project("{9A19103F-16F7-4668-BE54-9A1E7A4F7556}") = "co2service", "ZyCO2\co2service.csproj", "{84F6FFC2-BD30-444D-8EAC-CABD1E925499}"
EndProject
Project("{9A19103F-16F7-4668-BE54-9A1E7A4F7556}") = "VentsOverUDP", "VentsOverUDP\VentsOverUDP.csproj", "{E823E020-6F22-4825-B933-89318BF92513}"
EndProject
Project("{9A19103F-16F7-4668-BE54-9A1E7A4F7556}") = "weewx2influx", "WeewxToInflux\weewx2influx.csproj", "{F89683D8-521D-40E4-89D8-4934A5DF1536}"
EndProject
Global
	GlobalSection(SolutionConfigurationPlatforms) = preSolution
		Debug|Any CPU = Debug|Any CPU
		Release|Any CPU = Release|Any CPU
	EndGlobalSection
	GlobalSection(ProjectConfigurationPlatforms) = postSolution
		{28690A70-A401-493F-A98B-773BE40007AA}.Debug|Any CPU.ActiveCfg = Debug|Any CPU
		{28690A70-A401-493F-A98B-773BE40007AA}.Debug|Any CPU.Build.0 = Debug|Any CPU
		{28690A70-A401-493F-A98B-773BE40007AA}.Release|Any CPU.ActiveCfg = Release|Any CPU
		{28690A70-A401-493F-A98B-773BE40007AA}.Release|Any CPU.Build.0 = Release|Any CPU
		{CF41AA99-102F-45C3-8919-BC6B2CFBDC70}.Debug|Any CPU.ActiveCfg = Debug|Any CPU
		{CF41AA99-102F-45C3-8919-BC6B2CFBDC70}.Debug|Any CPU.Build.0 = Debug|Any CPU
		{CF41AA99-102F-45C3-8919-BC6B2CFBDC70}.Release|Any CPU.ActiveCfg = Release|Any CPU
		{CF41AA99-102F-45C3-8919-BC6B2CFBDC70}.Release|Any CPU.Build.0 = Release|Any CPU
		{AE2DF001-5D74-4B19-87F6-98FC8AA79C4B}.Debug|Any CPU.ActiveCfg = Debug|Any CPU
		{AE2DF001-5D74-4B19-87F6-98FC8AA79C4B}.Debug|Any CPU.Build.0 = Debug|Any CPU
		{AE2DF001-5D74-4B19-87F6-98FC8AA79C4B}.Release|Any CPU.ActiveCfg = Release|Any CPU
		{AE2DF001-5D74-4B19-87F6-98FC8AA79C4B}.Release|Any CPU.Build.0 = Release|Any CPU
		{84F6FFC2-BD30-444D-8EAC-CABD1E925499}.Debug|Any CPU.ActiveCfg = Debug|Any CPU
		{84F6FFC2-BD30-444D-8EAC-CABD1E925499}.Debug|Any CPU.Build.0 = Debug|Any CPU
		{84F6FFC2-BD30-444D-8EAC-CABD1E925499}.Release|Any CPU.ActiveCfg = Release|Any CPU
		{84F6FFC2-BD30-444D-8EAC-CABD1E925499}.Release|Any CPU.Build.0 = Release|Any CPU
		{E823E020-6F22-4825-B933-89318BF92513}.Debug|Any CPU.ActiveCfg = Debug|Any CPU
		{E823E020-6F22-4825-B933-89318BF92513}.Debug|Any CPU.Build.0 = Debug|Any CPU
		{E823E020-6F22-4825-B933-89318BF92513}.Release|Any CPU.ActiveCfg = Release|Any CPU
		{E823E020-6F22-4825-B933-89318BF92513}.Release|Any CPU.Build.0 = Release|Any CPU
		{F89683D8-521D-40E4-89D8-4934A5DF1536}.Debug|Any CPU.ActiveCfg = Debug|Any CPU
		{F89683D8-521D-40E4-89D8-4934A5DF1536}.Debug|Any CPU.Build.0 = Debug|Any CPU
		{F89683D8-521D-40E4-89D8-4934A5DF1536}.Release|Any CPU.ActiveCfg = Release|Any CPU
		{F89683D8-521D-40E4-89D8-4934A5DF1536}.Release|Any CPU.Build.0 = Release|Any CPU
	EndGlobalSection
	GlobalSection(SolutionProperties) = preSolution
		HideSolutionNode = FALSE
	EndGlobalSection
	GlobalSection(ExtensibilityGlobals) = postSolution
		SolutionGuid = {B3103F25-260F-4491-AFED-62E15E504631}
	EndGlobalSection
EndGlobal
